{
  "name": "lab-reservation-frontend",
  "version": "0.0.0",
  "lockfileVersion": 1,
  "requires": true,
  "dependencies": {
    "@angular/cdk": {
      "version": "6.2.1",
      "resolved": "https://registry.npmjs.org/@angular/cdk/-/cdk-6.2.1.tgz",
      "integrity": "sha512-uwW4eIGJKqOkR+ew6YcEAh1J4SP98jdyDpsZ4IEMkV9+jXcKfcwcxGFpZvs9wJsAvAr8EgNmZ8h+iuZLwJsvmA==",
      "requires": {
        "tslib": "1.9.3"
      }
    },
    "@angular/material": {
      "version": "6.2.1",
      "resolved": "https://registry.npmjs.org/@angular/material/-/material-6.2.1.tgz",
      "integrity": "sha512-SBoUXxHknkgwzp5pNDHW0jyrTM0d0Tk4lVyDbtEX8VEPtXqG5nL3BSgyjpJbTvqlmy2kOooUu3qgAmt87VH9lw==",
      "requires": {
        "tslib": "1.9.3"
      }
    },
    "lodash": {
      "version": "4.17.10",
      "resolved": "https://registry.npmjs.org/lodash/-/lodash-4.17.10.tgz",
      "integrity": "sha512-UejweD1pDoXu+AD825lWwp4ZGtSwgnpZxb3JDViD7StjQz+Nb/6l093lx4OQ0foGWNRoc19mWy7BzL+UAK2iVg=="
    },
    "ng2-smart-table": {
      "version": "1.3.4",
      "resolved": "https://registry.npmjs.org/ng2-smart-table/-/ng2-smart-table-1.3.4.tgz",
      "integrity": "sha512-dS0+SAOCoq0PWrylYdyDyTS3LhwDxQndm9EibaMKf7iKXPml2ziEJBEMci1wZ2R/srI0jPHlftE+1yiElTXDKg==",
      "requires": {
        "lodash": "4.17.10"
      }
    },
    "rxjs-compat": {
      "version": "6.2.1",
      "resolved": "https://registry.npmjs.org/rxjs-compat/-/rxjs-compat-6.2.1.tgz",
      "integrity": "sha512-Pst0lkAwVodBbBOIZic9aM1vY9asJ2u8GfKN115+goIH83PAlizJDyvixuxPAuQ1UtkmBuro7+0PqKQ3PSkhEg=="
    },
    "tslib": {
      "version": "1.9.3",
      "resolved": "https://registry.npmjs.org/tslib/-/tslib-1.9.3.tgz",
      "integrity": "sha512-4krF8scpejhaOgqzBEcGM7yDIEfi0/8+8zDRZhNZZ2kjmHJ4hv3zCbQWxoJGz1iw5U0Jl0nma13xzHXcncMavQ=="
    }
  }
}
